// !$*UTF8*$!
{
	archiveVersion = 1;
	classes = {
	};
	objectVersion = 46;
	objects = {

/* Begin PBXBuildFile section */
		1F088C381B4DB6850051E5F8 /* Session.swift in Sources */ = {isa = PBXBuildFile; fileRef = 1F088C371B4DB6850051E5F8 /* Session.swift */; };
		1F088C391B4DBD790051E5F8 /* Session.swift in Sources */ = {isa = PBXBuildFile; fileRef = 1F088C371B4DB6850051E5F8 /* Session.swift */; };
		1FAAF21A1B3C673E004AF265 /* AppDelegate.swift in Sources */ = {isa = PBXBuildFile; fileRef = 1FAAF2191B3C673E004AF265 /* AppDelegate.swift */; };
		1FAAF21C1B3C673E004AF265 /* WebViewController.swift in Sources */ = {isa = PBXBuildFile; fileRef = 1FAAF21B1B3C673E004AF265 /* WebViewController.swift */; };
		1FAAF21F1B3C673E004AF265 /* Main.storyboard in Resources */ = {isa = PBXBuildFile; fileRef = 1FAAF21D1B3C673E004AF265 /* Main.storyboard */; };
		1FAAF2211B3C673E004AF265 /* Images.xcassets in Resources */ = {isa = PBXBuildFile; fileRef = 1FAAF2201B3C673E004AF265 /* Images.xcassets */; };
		1FAAF2241B3C673E004AF265 /* LaunchScreen.xib in Resources */ = {isa = PBXBuildFile; fileRef = 1FAAF2221B3C673E004AF265 /* LaunchScreen.xib */; };
		1FAAF2301B3C673E004AF265 /* turbolinks_iosTests.swift in Sources */ = {isa = PBXBuildFile; fileRef = 1FAAF22F1B3C673E004AF265 /* turbolinks_iosTests.swift */; };
		1FAAF26B1B3CA511004AF265 /* app.coffee in Resources */ = {isa = PBXBuildFile; fileRef = 1FAAF26A1B3CA511004AF265 /* app.coffee */; };
		1FBD8F9D1B4AE9D1001C0417 /* WebViewController.swift in Sources */ = {isa = PBXBuildFile; fileRef = 1FAAF21B1B3C673E004AF265 /* WebViewController.swift */; };
		1FBD8F9E1B4AE9D5001C0417 /* AppDelegate.swift in Sources */ = {isa = PBXBuildFile; fileRef = 1FAAF2191B3C673E004AF265 /* AppDelegate.swift */; };
		1FBD8F9F1B4AE9DF001C0417 /* Main.storyboard in Resources */ = {isa = PBXBuildFile; fileRef = 1FAAF21D1B3C673E004AF265 /* Main.storyboard */; };
		1FBD8FA01B4AE9E5001C0417 /* LaunchScreen.xib in Resources */ = {isa = PBXBuildFile; fileRef = 1FAAF2221B3C673E004AF265 /* LaunchScreen.xib */; };
/* End PBXBuildFile section */

/* Begin PBXBuildRule section */
		1FAAF2691B3CA474004AF265 /* PBXBuildRule */ = {
			isa = PBXBuildRule;
			compilerSpec = com.apple.compilers.proxy.script;
			filePatterns = "*.coffee";
			fileType = pattern.proxy;
			isEditable = 1;
			name = "Compile CoffeeScript";
			outputFiles = (
				"$(DERIVED_FILE_DIR)/$(INPUT_FILE_BASE).js",
			);
			script = "PATH=$PATH:/usr/local/bin\ncoffee -c -o ${DERIVED_FILE_DIR} ${INPUT_FILE_PATH}";
		};
/* End PBXBuildRule section */

/* Begin PBXContainerItemProxy section */
		1FAAF22A1B3C673E004AF265 /* PBXContainerItemProxy */ = {
			isa = PBXContainerItemProxy;
			containerPortal = 1FAAF20C1B3C673E004AF265 /* Project object */;
			proxyType = 1;
			remoteGlobalIDString = 1FAAF2131B3C673E004AF265;
			remoteInfo = "turbolinks-ios";
		};
/* End PBXContainerItemProxy section */

/* Begin PBXFileReference section */
		1F088C371B4DB6850051E5F8 /* Session.swift */ = {isa = PBXFileReference; fileEncoding = 4; lastKnownFileType = sourcecode.swift; path = Session.swift; sourceTree = "<group>"; };
		1FAAF2141B3C673E004AF265 /* turbolinks-ios.app */ = {isa = PBXFileReference; explicitFileType = wrapper.application; includeInIndex = 0; path = "turbolinks-ios.app"; sourceTree = BUILT_PRODUCTS_DIR; };
		1FAAF2181B3C673E004AF265 /* Info.plist */ = {isa = PBXFileReference; lastKnownFileType = text.plist.xml; path = Info.plist; sourceTree = "<group>"; };
		1FAAF2191B3C673E004AF265 /* AppDelegate.swift */ = {isa = PBXFileReference; lastKnownFileType = sourcecode.swift; path = AppDelegate.swift; sourceTree = "<group>"; };
		1FAAF21B1B3C673E004AF265 /* WebViewController.swift */ = {isa = PBXFileReference; lastKnownFileType = sourcecode.swift; path = WebViewController.swift; sourceTree = "<group>"; };
		1FAAF21E1B3C673E004AF265 /* Base */ = {isa = PBXFileReference; lastKnownFileType = file.storyboard; name = Base; path = Base.lproj/Main.storyboard; sourceTree = "<group>"; };
		1FAAF2201B3C673E004AF265 /* Images.xcassets */ = {isa = PBXFileReference; lastKnownFileType = folder.assetcatalog; path = Images.xcassets; sourceTree = "<group>"; };
		1FAAF2231B3C673E004AF265 /* Base */ = {isa = PBXFileReference; lastKnownFileType = file.xib; name = Base; path = Base.lproj/LaunchScreen.xib; sourceTree = "<group>"; };
		1FAAF2291B3C673E004AF265 /* turbolinks-iosTests.xctest */ = {isa = PBXFileReference; explicitFileType = wrapper.cfbundle; includeInIndex = 0; path = "turbolinks-iosTests.xctest"; sourceTree = BUILT_PRODUCTS_DIR; };
		1FAAF22E1B3C673E004AF265 /* Info.plist */ = {isa = PBXFileReference; lastKnownFileType = text.plist.xml; path = Info.plist; sourceTree = "<group>"; };
		1FAAF22F1B3C673E004AF265 /* turbolinks_iosTests.swift */ = {isa = PBXFileReference; lastKnownFileType = sourcecode.swift; path = turbolinks_iosTests.swift; sourceTree = "<group>"; };
		1FAAF26A1B3CA511004AF265 /* app.coffee */ = {isa = PBXFileReference; fileEncoding = 4; lastKnownFileType = text; path = app.coffee; sourceTree = "<group>"; };
/* End PBXFileReference section */

/* Begin PBXFrameworksBuildPhase section */
		1FAAF2111B3C673E004AF265 /* Frameworks */ = {
			isa = PBXFrameworksBuildPhase;
			buildActionMask = 2147483647;
			files = (
			);
			runOnlyForDeploymentPostprocessing = 0;
		};
		1FAAF2261B3C673E004AF265 /* Frameworks */ = {
			isa = PBXFrameworksBuildPhase;
			buildActionMask = 2147483647;
			files = (
			);
			runOnlyForDeploymentPostprocessing = 0;
		};
/* End PBXFrameworksBuildPhase section */

/* Begin PBXGroup section */
		1FAAF20B1B3C673E004AF265 = {
			isa = PBXGroup;
			children = (
				1FAAF2161B3C673E004AF265 /* turbolinks-ios */,
				1FAAF22C1B3C673E004AF265 /* turbolinks-iosTests */,
				1FAAF2151B3C673E004AF265 /* Products */,
			);
			sourceTree = "<group>";
		};
		1FAAF2151B3C673E004AF265 /* Products */ = {
			isa = PBXGroup;
			children = (
				1FAAF2141B3C673E004AF265 /* turbolinks-ios.app */,
				1FAAF2291B3C673E004AF265 /* turbolinks-iosTests.xctest */,
			);
			name = Products;
			sourceTree = "<group>";
		};
		1FAAF2161B3C673E004AF265 /* turbolinks-ios */ = {
			isa = PBXGroup;
			children = (
				1FAAF26A1B3CA511004AF265 /* app.coffee */,
				1FAAF2191B3C673E004AF265 /* AppDelegate.swift */,
				1F088C371B4DB6850051E5F8 /* Session.swift */,
				1FAAF21B1B3C673E004AF265 /* WebViewController.swift */,
				1FAAF21D1B3C673E004AF265 /* Main.storyboard */,
				1FAAF2201B3C673E004AF265 /* Images.xcassets */,
				1FAAF2221B3C673E004AF265 /* LaunchScreen.xib */,
				1FAAF2171B3C673E004AF265 /* Supporting Files */,
			);
			path = "turbolinks-ios";
			sourceTree = "<group>";
		};
		1FAAF2171B3C673E004AF265 /* Supporting Files */ = {
			isa = PBXGroup;
			children = (
				1FAAF2181B3C673E004AF265 /* Info.plist */,
			);
			name = "Supporting Files";
			sourceTree = "<group>";
		};
		1FAAF22C1B3C673E004AF265 /* turbolinks-iosTests */ = {
			isa = PBXGroup;
			children = (
				1FAAF22F1B3C673E004AF265 /* turbolinks_iosTests.swift */,
				1FAAF22D1B3C673E004AF265 /* Supporting Files */,
			);
			path = "turbolinks-iosTests";
			sourceTree = "<group>";
		};
		1FAAF22D1B3C673E004AF265 /* Supporting Files */ = {
			isa = PBXGroup;
			children = (
				1FAAF22E1B3C673E004AF265 /* Info.plist */,
			);
			name = "Supporting Files";
			sourceTree = "<group>";
		};
/* End PBXGroup section */

/* Begin PBXNativeTarget section */
		1FAAF2131B3C673E004AF265 /* turbolinks-ios */ = {
			isa = PBXNativeTarget;
			buildConfigurationList = 1FAAF2331B3C673E004AF265 /* Build configuration list for PBXNativeTarget "turbolinks-ios" */;
			buildPhases = (
				1FAAF2101B3C673E004AF265 /* Sources */,
				1FAAF2111B3C673E004AF265 /* Frameworks */,
				1FAAF2121B3C673E004AF265 /* Resources */,
			);
			buildRules = (
				1FAAF2691B3CA474004AF265 /* PBXBuildRule */,
			);
			dependencies = (
			);
			name = "turbolinks-ios";
			productName = "turbolinks-ios";
			productReference = 1FAAF2141B3C673E004AF265 /* turbolinks-ios.app */;
			productType = "com.apple.product-type.application";
		};
		1FAAF2281B3C673E004AF265 /* turbolinks-iosTests */ = {
			isa = PBXNativeTarget;
			buildConfigurationList = 1FAAF2361B3C673E004AF265 /* Build configuration list for PBXNativeTarget "turbolinks-iosTests" */;
			buildPhases = (
				1FAAF2251B3C673E004AF265 /* Sources */,
				1FAAF2261B3C673E004AF265 /* Frameworks */,
				1FAAF2271B3C673E004AF265 /* Resources */,
			);
			buildRules = (
			);
			dependencies = (
				1FAAF22B1B3C673E004AF265 /* PBXTargetDependency */,
			);
			name = "turbolinks-iosTests";
			productName = "turbolinks-iosTests";
			productReference = 1FAAF2291B3C673E004AF265 /* turbolinks-iosTests.xctest */;
			productType = "com.apple.product-type.bundle.unit-test";
		};
/* End PBXNativeTarget section */

/* Begin PBXProject section */
		1FAAF20C1B3C673E004AF265 /* Project object */ = {
			isa = PBXProject;
			attributes = {
				LastUpgradeCheck = 0630;
				ORGANIZATIONNAME = Basecamp;
				TargetAttributes = {
					1FAAF2131B3C673E004AF265 = {
						CreatedOnToolsVersion = 6.3.2;
					};
					1FAAF2281B3C673E004AF265 = {
						CreatedOnToolsVersion = 6.3.2;
						TestTargetID = 1FAAF2131B3C673E004AF265;
					};
				};
			};
			buildConfigurationList = 1FAAF20F1B3C673E004AF265 /* Build configuration list for PBXProject "turbolinks-ios" */;
			compatibilityVersion = "Xcode 3.2";
			developmentRegion = English;
			hasScannedForEncodings = 0;
			knownRegions = (
				en,
				Base,
			);
			mainGroup = 1FAAF20B1B3C673E004AF265;
			productRefGroup = 1FAAF2151B3C673E004AF265 /* Products */;
			projectDirPath = "";
			projectRoot = "";
			targets = (
				1FAAF2131B3C673E004AF265 /* turbolinks-ios */,
				1FAAF2281B3C673E004AF265 /* turbolinks-iosTests */,
			);
		};
/* End PBXProject section */

/* Begin PBXResourcesBuildPhase section */
		1FAAF2121B3C673E004AF265 /* Resources */ = {
			isa = PBXResourcesBuildPhase;
			buildActionMask = 2147483647;
			files = (
				1FAAF21F1B3C673E004AF265 /* Main.storyboard in Resources */,
				1FAAF2241B3C673E004AF265 /* LaunchScreen.xib in Resources */,
				1FAAF26B1B3CA511004AF265 /* app.coffee in Resources */,
				1FAAF2211B3C673E004AF265 /* Images.xcassets in Resources */,
			);
			runOnlyForDeploymentPostprocessing = 0;
		};
		1FAAF2271B3C673E004AF265 /* Resources */ = {
			isa = PBXResourcesBuildPhase;
			buildActionMask = 2147483647;
			files = (
				1FBD8FA01B4AE9E5001C0417 /* LaunchScreen.xib in Resources */,
				1FBD8F9F1B4AE9DF001C0417 /* Main.storyboard in Resources */,
			);
			runOnlyForDeploymentPostprocessing = 0;
		};
/* End PBXResourcesBuildPhase section */

/* Begin PBXSourcesBuildPhase section */
		1FAAF2101B3C673E004AF265 /* Sources */ = {
			isa = PBXSourcesBuildPhase;
			buildActionMask = 2147483647;
			files = (
				1F088C381B4DB6850051E5F8 /* Session.swift in Sources */,
				1FAAF21C1B3C673E004AF265 /* WebViewController.swift in Sources */,
				1FAAF21A1B3C673E004AF265 /* AppDelegate.swift in Sources */,
			);
			runOnlyForDeploymentPostprocessing = 0;
		};
		1FAAF2251B3C673E004AF265 /* Sources */ = {
			isa = PBXSourcesBuildPhase;
			buildActionMask = 2147483647;
			files = (
				1F088C391B4DBD790051E5F8 /* Session.swift in Sources */,
				1FBD8F9E1B4AE9D5001C0417 /* AppDelegate.swift in Sources */,
				1FAAF2301B3C673E004AF265 /* turbolinks_iosTests.swift in Sources */,
				1FBD8F9D1B4AE9D1001C0417 /* WebViewController.swift in Sources */,
			);
			runOnlyForDeploymentPostprocessing = 0;
		};
/* End PBXSourcesBuildPhase section */

/* Begin PBXTargetDependency section */
		1FAAF22B1B3C673E004AF265 /* PBXTargetDependency */ = {
			isa = PBXTargetDependency;
			target = 1FAAF2131B3C673E004AF265 /* turbolinks-ios */;
			targetProxy = 1FAAF22A1B3C673E004AF265 /* PBXContainerItemProxy */;
		};
/* End PBXTargetDependency section */

/* Begin PBXVariantGroup section */
		1FAAF21D1B3C673E004AF265 /* Main.storyboard */ = {
			isa = PBXVariantGroup;
			children = (
				1FAAF21E1B3C673E004AF265 /* Base */,
			);
			name = Main.storyboard;
			sourceTree = "<group>";
		};
		1FAAF2221B3C673E004AF265 /* LaunchScreen.xib */ = {
			isa = PBXVariantGroup;
			children = (
				1FAAF2231B3C673E004AF265 /* Base */,
			);
			name = LaunchScreen.xib;
			sourceTree = "<group>";
		};
/* End PBXVariantGroup section */

/* Begin XCBuildConfiguration section */
		1FAAF2311B3C673E004AF265 /* Debug */ = {
			isa = XCBuildConfiguration;
			buildSettings = {
				ALWAYS_SEARCH_USER_PATHS = NO;
				CLANG_CXX_LANGUAGE_STANDARD = "gnu++0x";
				CLANG_CXX_LIBRARY = "libc++";
				CLANG_ENABLE_MODULES = YES;
				CLANG_ENABLE_OBJC_ARC = YES;
				CLANG_WARN_BOOL_CONVERSION = YES;
				CLANG_WARN_CONSTANT_CONVERSION = YES;
				CLANG_WARN_DIRECT_OBJC_ISA_USAGE = YES_ERROR;
				CLANG_WARN_EMPTY_BODY = YES;
				CLANG_WARN_ENUM_CONVERSION = YES;
				CLANG_WARN_INT_CONVERSION = YES;
				CLANG_WARN_OBJC_ROOT_CLASS = YES_ERROR;
				CLANG_WARN_UNREACHABLE_CODE = YES;
				CLANG_WARN__DUPLICATE_METHOD_MATCH = YES;
				"CODE_SIGN_IDENTITY[sdk=iphoneos*]" = "iPhone Developer";
				COPY_PHASE_STRIP = NO;
				DEBUG_INFORMATION_FORMAT = "dwarf-with-dsym";
				ENABLE_STRICT_OBJC_MSGSEND = YES;
				GCC_C_LANGUAGE_STANDARD = gnu99;
				GCC_DYNAMIC_NO_PIC = NO;
				GCC_NO_COMMON_BLOCKS = YES;
				GCC_OPTIMIZATION_LEVEL = 0;
				GCC_PREPROCESSOR_DEFINITIONS = (
					"DEBUG=1",
					"$(inherited)",
				);
				GCC_SYMBOLS_PRIVATE_EXTERN = NO;
				GCC_WARN_64_TO_32_BIT_CONVERSION = YES;
				GCC_WARN_ABOUT_RETURN_TYPE = YES_ERROR;
				GCC_WARN_UNDECLARED_SELECTOR = YES;
				GCC_WARN_UNINITIALIZED_AUTOS = YES_AGGRESSIVE;
				GCC_WARN_UNUSED_FUNCTION = YES;
				GCC_WARN_UNUSED_VARIABLE = YES;
				IPHONEOS_DEPLOYMENT_TARGET = 8.3;
				MTL_ENABLE_DEBUG_INFO = YES;
				ONLY_ACTIVE_ARCH = YES;
				SDKROOT = iphoneos;
				SWIFT_OPTIMIZATION_LEVEL = "-Onone";
			};
			name = Debug;
		};
		1FAAF2321B3C673E004AF265 /* Release */ = {
			isa = XCBuildConfiguration;
			buildSettings = {
				ALWAYS_SEARCH_USER_PATHS = NO;
				CLANG_CXX_LANGUAGE_STANDARD = "gnu++0x";
				CLANG_CXX_LIBRARY = "libc++";
				CLANG_ENABLE_MODULES = YES;
				CLANG_ENABLE_OBJC_ARC = YES;
				CLANG_WARN_BOOL_CONVERSION = YES;
				CLANG_WARN_CONSTANT_CONVERSION = YES;
				CLANG_WARN_DIRECT_OBJC_ISA_USAGE = YES_ERROR;
				CLANG_WARN_EMPTY_BODY = YES;
				CLANG_WARN_ENUM_CONVERSION = YES;
				CLANG_WARN_INT_CONVERSION = YES;
				CLANG_WARN_OBJC_ROOT_CLASS = YES_ERROR;
				CLANG_WARN_UNREACHABLE_CODE = YES;
				CLANG_WARN__DUPLICATE_METHOD_MATCH = YES;
				"CODE_SIGN_IDENTITY[sdk=iphoneos*]" = "iPhone Developer";
				COPY_PHASE_STRIP = NO;
				DEBUG_INFORMATION_FORMAT = "dwarf-with-dsym";
				ENABLE_NS_ASSERTIONS = NO;
				ENABLE_STRICT_OBJC_MSGSEND = YES;
				GCC_C_LANGUAGE_STANDARD = gnu99;
				GCC_NO_COMMON_BLOCKS = YES;
				GCC_WARN_64_TO_32_BIT_CONVERSION = YES;
				GCC_WARN_ABOUT_RETURN_TYPE = YES_ERROR;
				GCC_WARN_UNDECLARED_SELECTOR = YES;
				GCC_WARN_UNINITIALIZED_AUTOS = YES_AGGRESSIVE;
				GCC_WARN_UNUSED_FUNCTION = YES;
				GCC_WARN_UNUSED_VARIABLE = YES;
				IPHONEOS_DEPLOYMENT_TARGET = 8.3;
				MTL_ENABLE_DEBUG_INFO = NO;
				SDKROOT = iphoneos;
				VALIDATE_PRODUCT = YES;
			};
			name = Release;
		};
		1FAAF2341B3C673E004AF265 /* Debug */ = {
			isa = XCBuildConfiguration;
			buildSettings = {
				ASSETCATALOG_COMPILER_APPICON_NAME = AppIcon;
				INFOPLIST_FILE = "turbolinks-ios/Info.plist";
				LD_RUNPATH_SEARCH_PATHS = "$(inherited) @executable_path/Frameworks";
				PRODUCT_NAME = "$(TARGET_NAME)";
			};
			name = Debug;
		};
		1FAAF2351B3C673E004AF265 /* Release */ = {
			isa = XCBuildConfiguration;
			buildSettings = {
				ASSETCATALOG_COMPILER_APPICON_NAME = AppIcon;
				INFOPLIST_FILE = "turbolinks-ios/Info.plist";
				LD_RUNPATH_SEARCH_PATHS = "$(inherited) @executable_path/Frameworks";
				PRODUCT_NAME = "$(TARGET_NAME)";
			};
			name = Release;
		};
		1FAAF2371B3C673E004AF265 /* Debug */ = {
			isa = XCBuildConfiguration;
			buildSettings = {
				BUNDLE_LOADER = "$(TEST_HOST)";
				FRAMEWORK_SEARCH_PATHS = (
					"$(SDKROOT)/Developer/Library/Frameworks",
					"$(inherited)",
				);
				GCC_PREPROCESSOR_DEFINITIONS = (
					"DEBUG=1",
					"$(inherited)",
				);
				INFOPLIST_FILE = "turbolinks-iosTests/Info.plist";
				LD_RUNPATH_SEARCH_PATHS = "$(inherited) @executable_path/Frameworks @loader_path/Frameworks";
				PRODUCT_NAME = "$(TARGET_NAME)";
				TEST_HOST = "$(BUILT_PRODUCTS_DIR)/turbolinks-ios.app/turbolinks-ios";
			};
			name = Debug;
		};
		1FAAF2381B3C673E004AF265 /* Release */ = {
			isa = XCBuildConfiguration;
			buildSettings = {
				BUNDLE_LOADER = "$(TEST_HOST)";
				FRAMEWORK_SEARCH_PATHS = (
					"$(SDKROOT)/Developer/Library/Frameworks",
					"$(inherited)",
				);
				INFOPLIST_FILE = "turbolinks-iosTests/Info.plist";
				LD_RUNPATH_SEARCH_PATHS = "$(inherited) @executable_path/Frameworks @loader_path/Frameworks";
				PRODUCT_NAME = "$(TARGET_NAME)";
				TEST_HOST = "$(BUILT_PRODUCTS_DIR)/turbolinks-ios.app/turbolinks-ios";
			};
			name = Release;
		};
/* End XCBuildConfiguration section */

/* Begin XCConfigurationList section */
		1FAAF20F1B3C673E004AF265 /* Build configuration list for PBXProject "turbolinks-ios" */ = {
			isa = XCConfigurationList;
			buildConfigurations = (
				1FAAF2311B3C673E004AF265 /* Debug */,
				1FAAF2321B3C673E004AF265 /* Release */,
			);
			defaultConfigurationIsVisible = 0;
			defaultConfigurationName = Release;
		};
		1FAAF2331B3C673E004AF265 /* Build configuration list for PBXNativeTarget "turbolinks-ios" */ = {
			isa = XCConfigurationList;
			buildConfigurations = (
				1FAAF2341B3C673E004AF265 /* Debug */,
				1FAAF2351B3C673E004AF265 /* Release */,
			);
			defaultConfigurationIsVisible = 0;
			defaultConfigurationName = Release;
		};
		1FAAF2361B3C673E004AF265 /* Build configuration list for PBXNativeTarget "turbolinks-iosTests" */ = {
			isa = XCConfigurationList;
			buildConfigurations = (
				1FAAF2371B3C673E004AF265 /* Debug */,
				1FAAF2381B3C673E004AF265 /* Release */,
			);
			defaultConfigurationIsVisible = 0;
			defaultConfigurationName = Release;
		};
/* End XCConfigurationList section */
	};
	rootObject = 1FAAF20C1B3C673E004AF265 /* Project object */;
}
