// !$*UTF8*$!
{
	archiveVersion = 1;
	classes = {
	};
	objectVersion = 46;
	objects = {

/* Begin PBXBuildFile section */
		1F35399F1B6FB21A00AA7462 /* ApplicationController.swift in Sources */ = {isa = PBXBuildFile; fileRef = 1F35399E1B6FB21A00AA7462 /* ApplicationController.swift */; };
		1F5A34FA1B67FF900029FDF3 /* AuthenticationController.swift in Sources */ = {isa = PBXBuildFile; fileRef = 1F5A34F91B67FF900029FDF3 /* AuthenticationController.swift */; };
		1F8FC6A51B55A32000A781C8 /* AppDelegate.swift in Sources */ = {isa = PBXBuildFile; fileRef = 1F8FC6A41B55A32000A781C8 /* AppDelegate.swift */; };
		1F8FC6AC1B55A34500A781C8 /* Main.storyboard in Resources */ = {isa = PBXBuildFile; fileRef = 1F8FC6AA1B55A34500A781C8 /* Main.storyboard */; };
		1FC168241B55A16C00AA6F43 /* LaunchScreen.xib in Resources */ = {isa = PBXBuildFile; fileRef = 1FC168221B55A16C00AA6F43 /* LaunchScreen.xib */; };
		2230A7E91C869396001B4AC1 /* DemoViewController.swift in Sources */ = {isa = PBXBuildFile; fileRef = 2230A7E81C869396001B4AC1 /* DemoViewController.swift */; };
		2230A7EB1C8694EC001B4AC1 /* ErrorView.swift in Sources */ = {isa = PBXBuildFile; fileRef = 2230A7EA1C8694EC001B4AC1 /* ErrorView.swift */; };
		2230A7ED1C869BD2001B4AC1 /* ErrorView.xib in Resources */ = {isa = PBXBuildFile; fileRef = 2230A7EC1C869BD2001B4AC1 /* ErrorView.xib */; };
		2230A7EF1C874108001B4AC1 /* Error.swift in Sources */ = {isa = PBXBuildFile; fileRef = 2230A7EE1C874108001B4AC1 /* Error.swift */; };
		22CB5D901C62981700F24EA7 /* Turbolinks.framework in Frameworks */ = {isa = PBXBuildFile; fileRef = 22CB5D8D1C62980000F24EA7 /* Turbolinks.framework */; };
		22CB5D911C62982800F24EA7 /* Turbolinks.framework in Embed Frameworks */ = {isa = PBXBuildFile; fileRef = 22CB5D8D1C62980000F24EA7 /* Turbolinks.framework */; settings = {ATTRIBUTES = (CodeSignOnCopy, RemoveHeadersOnCopy, ); }; };
		8442C5A81C9F83D200FD8CC7 /* UITests.swift in Sources */ = {isa = PBXBuildFile; fileRef = 8442C5A71C9F83D200FD8CC7 /* UITests.swift */; };
		92DF45171C81149B0064E606 /* NumbersViewController.swift in Sources */ = {isa = PBXBuildFile; fileRef = 92DF45161C81149B0064E606 /* NumbersViewController.swift */; };
/* End PBXBuildFile section */

/* Begin PBXContainerItemProxy section */
		22CB5D8C1C62980000F24EA7 /* PBXContainerItemProxy */ = {
			isa = PBXContainerItemProxy;
			containerPortal = 22CB5D881C62980000F24EA7 /* Turbolinks.xcodeproj */;
			proxyType = 2;
			remoteGlobalIDString = 1FC167EF1B55A14900AA6F43;
			remoteInfo = Turbolinks;
		};
		22CB5D8E1C62980900F24EA7 /* PBXContainerItemProxy */ = {
			isa = PBXContainerItemProxy;
			containerPortal = 22CB5D881C62980000F24EA7 /* Turbolinks.xcodeproj */;
			proxyType = 1;
			remoteGlobalIDString = 1FC167EE1B55A14900AA6F43;
			remoteInfo = Turbolinks;
		};
		8442C5AA1C9F83D200FD8CC7 /* PBXContainerItemProxy */ = {
			isa = PBXContainerItemProxy;
			containerPortal = 1FC1680C1B55A16C00AA6F43 /* Project object */;
			proxyType = 1;
			remoteGlobalIDString = 1FC168131B55A16C00AA6F43;
			remoteInfo = TurbolinksDemo;
		};
		92DF45191C81149C0064E606 /* PBXContainerItemProxy */ = {
			isa = PBXContainerItemProxy;
			containerPortal = 22CB5D881C62980000F24EA7 /* Turbolinks.xcodeproj */;
			proxyType = 2;
			remoteGlobalIDString = 92DF45071C80F7970064E606;
			remoteInfo = Tests;
		};
/* End PBXContainerItemProxy section */

/* Begin PBXCopyFilesBuildPhase section */
		22A398D81B58166600E34A4C /* Embed Frameworks */ = {
			isa = PBXCopyFilesBuildPhase;
			buildActionMask = 2147483647;
			dstPath = "";
			dstSubfolderSpec = 10;
			files = (
				22CB5D911C62982800F24EA7 /* Turbolinks.framework in Embed Frameworks */,
			);
			name = "Embed Frameworks";
			runOnlyForDeploymentPostprocessing = 0;
		};
/* End PBXCopyFilesBuildPhase section */

/* Begin PBXFileReference section */
		1F35399E1B6FB21A00AA7462 /* ApplicationController.swift */ = {isa = PBXFileReference; fileEncoding = 4; lastKnownFileType = sourcecode.swift; path = ApplicationController.swift; sourceTree = "<group>"; };
		1F5A34F91B67FF900029FDF3 /* AuthenticationController.swift */ = {isa = PBXFileReference; fileEncoding = 4; lastKnownFileType = sourcecode.swift; path = AuthenticationController.swift; sourceTree = "<group>"; };
		1F8FC6A41B55A32000A781C8 /* AppDelegate.swift */ = {isa = PBXFileReference; fileEncoding = 4; lastKnownFileType = sourcecode.swift; path = AppDelegate.swift; sourceTree = "<group>"; };
		1F8FC6AB1B55A34500A781C8 /* Base */ = {isa = PBXFileReference; lastKnownFileType = file.storyboard; name = Base; path = Base.lproj/Main.storyboard; sourceTree = "<group>"; };
		1FC168141B55A16C00AA6F43 /* TurbolinksDemo.app */ = {isa = PBXFileReference; explicitFileType = wrapper.application; includeInIndex = 0; path = TurbolinksDemo.app; sourceTree = BUILT_PRODUCTS_DIR; };
		1FC168181B55A16C00AA6F43 /* Info.plist */ = {isa = PBXFileReference; lastKnownFileType = text.plist.xml; path = Info.plist; sourceTree = "<group>"; };
		1FC168231B55A16C00AA6F43 /* Base */ = {isa = PBXFileReference; lastKnownFileType = file.xib; name = Base; path = Base.lproj/LaunchScreen.xib; sourceTree = "<group>"; };
		2230A7E81C869396001B4AC1 /* DemoViewController.swift */ = {isa = PBXFileReference; fileEncoding = 4; lastKnownFileType = sourcecode.swift; path = DemoViewController.swift; sourceTree = "<group>"; };
		2230A7EA1C8694EC001B4AC1 /* ErrorView.swift */ = {isa = PBXFileReference; fileEncoding = 4; lastKnownFileType = sourcecode.swift; path = ErrorView.swift; sourceTree = "<group>"; };
		2230A7EC1C869BD2001B4AC1 /* ErrorView.xib */ = {isa = PBXFileReference; fileEncoding = 4; lastKnownFileType = file.xib; path = ErrorView.xib; sourceTree = "<group>"; };
		2230A7EE1C874108001B4AC1 /* Error.swift */ = {isa = PBXFileReference; fileEncoding = 4; lastKnownFileType = sourcecode.swift; path = Error.swift; sourceTree = "<group>"; };
		22CB5D881C62980000F24EA7 /* Turbolinks.xcodeproj */ = {isa = PBXFileReference; lastKnownFileType = "wrapper.pb-project"; path = Turbolinks.xcodeproj; sourceTree = "<group>"; };
		8442C5A51C9F83D200FD8CC7 /* UI Tests.xctest */ = {isa = PBXFileReference; explicitFileType = wrapper.cfbundle; includeInIndex = 0; path = "UI Tests.xctest"; sourceTree = BUILT_PRODUCTS_DIR; };
		8442C5A71C9F83D200FD8CC7 /* UITests.swift */ = {isa = PBXFileReference; lastKnownFileType = sourcecode.swift; path = UITests.swift; sourceTree = "<group>"; };
		8442C5A91C9F83D200FD8CC7 /* Info.plist */ = {isa = PBXFileReference; lastKnownFileType = text.plist.xml; path = Info.plist; sourceTree = "<group>"; };
		92DF45161C81149B0064E606 /* NumbersViewController.swift */ = {isa = PBXFileReference; fileEncoding = 4; lastKnownFileType = sourcecode.swift; path = NumbersViewController.swift; sourceTree = "<group>"; };
/* End PBXFileReference section */

/* Begin PBXFrameworksBuildPhase section */
		1FC168111B55A16C00AA6F43 /* Frameworks */ = {
			isa = PBXFrameworksBuildPhase;
			buildActionMask = 2147483647;
			files = (
				22CB5D901C62981700F24EA7 /* Turbolinks.framework in Frameworks */,
			);
			runOnlyForDeploymentPostprocessing = 0;
		};
		8442C5A21C9F83D100FD8CC7 /* Frameworks */ = {
			isa = PBXFrameworksBuildPhase;
			buildActionMask = 2147483647;
			files = (
			);
			runOnlyForDeploymentPostprocessing = 0;
		};
/* End PBXFrameworksBuildPhase section */

/* Begin PBXGroup section */
		1FC1680B1B55A16C00AA6F43 = {
			isa = PBXGroup;
			children = (
				1FC168161B55A16C00AA6F43 /* TurbolinksDemo */,
				1FC168151B55A16C00AA6F43 /* Products */,
				8442C5A61C9F83D200FD8CC7 /* UI Tests */,
				22CB5D881C62980000F24EA7 /* Turbolinks.xcodeproj */,
			);
			sourceTree = "<group>";
		};
		1FC168151B55A16C00AA6F43 /* Products */ = {
			isa = PBXGroup;
			children = (
				1FC168141B55A16C00AA6F43 /* TurbolinksDemo.app */,
				8442C5A51C9F83D200FD8CC7 /* UI Tests.xctest */,
			);
			name = Products;
			sourceTree = "<group>";
		};
		1FC168161B55A16C00AA6F43 /* TurbolinksDemo */ = {
			isa = PBXGroup;
			children = (
				1F8FC6A41B55A32000A781C8 /* AppDelegate.swift */,
				1F35399E1B6FB21A00AA7462 /* ApplicationController.swift */,
				1F5A34F91B67FF900029FDF3 /* AuthenticationController.swift */,
				2230A7E81C869396001B4AC1 /* DemoViewController.swift */,
				2230A7EE1C874108001B4AC1 /* Error.swift */,
				2230A7EA1C8694EC001B4AC1 /* ErrorView.swift */,
				92DF45161C81149B0064E606 /* NumbersViewController.swift */,
				2230A7EC1C869BD2001B4AC1 /* ErrorView.xib */,
				1FC168221B55A16C00AA6F43 /* LaunchScreen.xib */,
				1F8FC6AA1B55A34500A781C8 /* Main.storyboard */,
				1FC168171B55A16C00AA6F43 /* Supporting Files */,
			);
			path = TurbolinksDemo;
			sourceTree = "<group>";
		};
		1FC168171B55A16C00AA6F43 /* Supporting Files */ = {
			isa = PBXGroup;
			children = (
				1FC168181B55A16C00AA6F43 /* Info.plist */,
			);
			name = "Supporting Files";
			sourceTree = "<group>";
		};
		22CB5D891C62980000F24EA7 /* Products */ = {
			isa = PBXGroup;
			children = (
				22CB5D8D1C62980000F24EA7 /* Turbolinks.framework */,
				92DF451A1C81149C0064E606 /* Tests.xctest */,
			);
			name = Products;
			sourceTree = "<group>";
		};
		8442C5A61C9F83D200FD8CC7 /* UI Tests */ = {
			isa = PBXGroup;
			children = (
				8442C5A91C9F83D200FD8CC7 /* Info.plist */,
				8442C5A71C9F83D200FD8CC7 /* UITests.swift */,
			);
			path = "UI Tests";
			sourceTree = "<group>";
		};
/* End PBXGroup section */

/* Begin PBXNativeTarget section */
		1FC168131B55A16C00AA6F43 /* TurbolinksDemo */ = {
			isa = PBXNativeTarget;
			buildConfigurationList = 1FC168331B55A16C00AA6F43 /* Build configuration list for PBXNativeTarget "TurbolinksDemo" */;
			buildPhases = (
				1FC168101B55A16C00AA6F43 /* Sources */,
				1FC168111B55A16C00AA6F43 /* Frameworks */,
				1FC168121B55A16C00AA6F43 /* Resources */,
				22A398D81B58166600E34A4C /* Embed Frameworks */,
			);
			buildRules = (
			);
			dependencies = (
				22CB5D8F1C62980900F24EA7 /* PBXTargetDependency */,
			);
			name = TurbolinksDemo;
			productName = TurbolinksDemo;
			productReference = 1FC168141B55A16C00AA6F43 /* TurbolinksDemo.app */;
			productType = "com.apple.product-type.application";
		};
		8442C5A41C9F83D100FD8CC7 /* UI Tests */ = {
			isa = PBXNativeTarget;
			buildConfigurationList = 8442C5AF1C9F83D200FD8CC7 /* Build configuration list for PBXNativeTarget "UI Tests" */;
			buildPhases = (
				8442C5A11C9F83D100FD8CC7 /* Sources */,
				8442C5A21C9F83D100FD8CC7 /* Frameworks */,
				8442C5A31C9F83D100FD8CC7 /* Resources */,
			);
			buildRules = (
			);
			dependencies = (
				8442C5AB1C9F83D200FD8CC7 /* PBXTargetDependency */,
			);
			name = "UI Tests";
			productName = "UI Tests";
			productReference = 8442C5A51C9F83D200FD8CC7 /* UI Tests.xctest */;
			productType = "com.apple.product-type.bundle.ui-testing";
		};
/* End PBXNativeTarget section */

/* Begin PBXProject section */
		1FC1680C1B55A16C00AA6F43 /* Project object */ = {
			isa = PBXProject;
			attributes = {
				LastSwiftMigration = 0700;
				LastSwiftUpdateCheck = 0700;
				LastUpgradeCheck = 0700;
				ORGANIZATIONNAME = Basecamp;
				TargetAttributes = {
					1FC168131B55A16C00AA6F43 = {
						CreatedOnToolsVersion = 6.3.2;
					};
				};
			};
			buildConfigurationList = 1FC1680F1B55A16C00AA6F43 /* Build configuration list for PBXProject "TurbolinksDemo" */;
			compatibilityVersion = "Xcode 3.2";
			developmentRegion = English;
			hasScannedForEncodings = 0;
			knownRegions = (
				en,
				Base,
			);
			mainGroup = 1FC1680B1B55A16C00AA6F43;
			productRefGroup = 1FC168151B55A16C00AA6F43 /* Products */;
			projectDirPath = "";
			projectReferences = (
				{
					ProductGroup = 22CB5D891C62980000F24EA7 /* Products */;
					ProjectRef = 22CB5D881C62980000F24EA7 /* Turbolinks.xcodeproj */;
				},
			);
			projectRoot = "";
			targets = (
				1FC168131B55A16C00AA6F43 /* TurbolinksDemo */,
				8442C5A41C9F83D100FD8CC7 /* UI Tests */,
			);
		};
/* End PBXProject section */

/* Begin PBXReferenceProxy section */
		22CB5D8D1C62980000F24EA7 /* Turbolinks.framework */ = {
			isa = PBXReferenceProxy;
			fileType = wrapper.framework;
			path = Turbolinks.framework;
			remoteRef = 22CB5D8C1C62980000F24EA7 /* PBXContainerItemProxy */;
			sourceTree = BUILT_PRODUCTS_DIR;
		};
		92DF451A1C81149C0064E606 /* Tests.xctest */ = {
			isa = PBXReferenceProxy;
			fileType = wrapper.cfbundle;
			path = Tests.xctest;
			remoteRef = 92DF45191C81149C0064E606 /* PBXContainerItemProxy */;
			sourceTree = BUILT_PRODUCTS_DIR;
		};
/* End PBXReferenceProxy section */

/* Begin PBXResourcesBuildPhase section */
		1FC168121B55A16C00AA6F43 /* Resources */ = {
			isa = PBXResourcesBuildPhase;
			buildActionMask = 2147483647;
			files = (
				1F8FC6AC1B55A34500A781C8 /* Main.storyboard in Resources */,
				1FC168241B55A16C00AA6F43 /* LaunchScreen.xib in Resources */,
				2230A7ED1C869BD2001B4AC1 /* ErrorView.xib in Resources */,
			);
			runOnlyForDeploymentPostprocessing = 0;
		};
		8442C5A31C9F83D100FD8CC7 /* Resources */ = {
			isa = PBXResourcesBuildPhase;
			buildActionMask = 2147483647;
			files = (
			);
			runOnlyForDeploymentPostprocessing = 0;
		};
/* End PBXResourcesBuildPhase section */

/* Begin PBXSourcesBuildPhase section */
		1FC168101B55A16C00AA6F43 /* Sources */ = {
			isa = PBXSourcesBuildPhase;
			buildActionMask = 2147483647;
			files = (
				1F5A34FA1B67FF900029FDF3 /* AuthenticationController.swift in Sources */,
				2230A7EB1C8694EC001B4AC1 /* ErrorView.swift in Sources */,
				92DF45171C81149B0064E606 /* NumbersViewController.swift in Sources */,
				1F8FC6A51B55A32000A781C8 /* AppDelegate.swift in Sources */,
				1F35399F1B6FB21A00AA7462 /* ApplicationController.swift in Sources */,
				2230A7EF1C874108001B4AC1 /* Error.swift in Sources */,
				2230A7E91C869396001B4AC1 /* DemoViewController.swift in Sources */,
			);
			runOnlyForDeploymentPostprocessing = 0;
		};
		8442C5A11C9F83D100FD8CC7 /* Sources */ = {
			isa = PBXSourcesBuildPhase;
			buildActionMask = 2147483647;
			files = (
				8442C5A81C9F83D200FD8CC7 /* UITests.swift in Sources */,
			);
			runOnlyForDeploymentPostprocessing = 0;
		};
/* End PBXSourcesBuildPhase section */

/* Begin PBXTargetDependency section */
		22CB5D8F1C62980900F24EA7 /* PBXTargetDependency */ = {
			isa = PBXTargetDependency;
			name = Turbolinks;
			targetProxy = 22CB5D8E1C62980900F24EA7 /* PBXContainerItemProxy */;
		};
		8442C5AB1C9F83D200FD8CC7 /* PBXTargetDependency */ = {
			isa = PBXTargetDependency;
			target = 1FC168131B55A16C00AA6F43 /* TurbolinksDemo */;
			targetProxy = 8442C5AA1C9F83D200FD8CC7 /* PBXContainerItemProxy */;
		};
/* End PBXTargetDependency section */

/* Begin PBXVariantGroup section */
		1F8FC6AA1B55A34500A781C8 /* Main.storyboard */ = {
			isa = PBXVariantGroup;
			children = (
				1F8FC6AB1B55A34500A781C8 /* Base */,
			);
			name = Main.storyboard;
			sourceTree = "<group>";
		};
		1FC168221B55A16C00AA6F43 /* LaunchScreen.xib */ = {
			isa = PBXVariantGroup;
			children = (
				1FC168231B55A16C00AA6F43 /* Base */,
			);
			name = LaunchScreen.xib;
			sourceTree = "<group>";
		};
/* End PBXVariantGroup section */

/* Begin XCBuildConfiguration section */
		1FC168311B55A16C00AA6F43 /* Debug */ = {
			isa = XCBuildConfiguration;
			buildSettings = {
				ALWAYS_SEARCH_USER_PATHS = NO;
				CLANG_CXX_LANGUAGE_STANDARD = "gnu++0x";
				CLANG_CXX_LIBRARY = "libc++";
				CLANG_ENABLE_MODULES = YES;
				CLANG_ENABLE_OBJC_ARC = YES;
				CLANG_WARN_BOOL_CONVERSION = YES;
				CLANG_WARN_CONSTANT_CONVERSION = YES;
				CLANG_WARN_DIRECT_OBJC_ISA_USAGE = YES_ERROR;
				CLANG_WARN_EMPTY_BODY = YES;
				CLANG_WARN_ENUM_CONVERSION = YES;
				CLANG_WARN_INT_CONVERSION = YES;
				CLANG_WARN_OBJC_ROOT_CLASS = YES_ERROR;
				CLANG_WARN_UNREACHABLE_CODE = YES;
				CLANG_WARN__DUPLICATE_METHOD_MATCH = YES;
				"CODE_SIGN_IDENTITY[sdk=iphoneos*]" = "iPhone Developer";
				COPY_PHASE_STRIP = NO;
				DEBUG_INFORMATION_FORMAT = "dwarf-with-dsym";
				ENABLE_STRICT_OBJC_MSGSEND = YES;
				ENABLE_TESTABILITY = YES;
				GCC_C_LANGUAGE_STANDARD = gnu99;
				GCC_DYNAMIC_NO_PIC = NO;
				GCC_NO_COMMON_BLOCKS = YES;
				GCC_OPTIMIZATION_LEVEL = 0;
				GCC_PREPROCESSOR_DEFINITIONS = (
					"DEBUG=1",
					"$(inherited)",
				);
				GCC_SYMBOLS_PRIVATE_EXTERN = NO;
				GCC_WARN_64_TO_32_BIT_CONVERSION = YES;
				GCC_WARN_ABOUT_RETURN_TYPE = YES_ERROR;
				GCC_WARN_UNDECLARED_SELECTOR = YES;
				GCC_WARN_UNINITIALIZED_AUTOS = YES_AGGRESSIVE;
				GCC_WARN_UNUSED_FUNCTION = YES;
				GCC_WARN_UNUSED_VARIABLE = YES;
				IPHONEOS_DEPLOYMENT_TARGET = 9.0;
				MTL_ENABLE_DEBUG_INFO = YES;
				ONLY_ACTIVE_ARCH = YES;
				SDKROOT = iphoneos;
				SWIFT_OPTIMIZATION_LEVEL = "-Onone";
			};
			name = Debug;
		};
		1FC168321B55A16C00AA6F43 /* Release */ = {
			isa = XCBuildConfiguration;
			buildSettings = {
				ALWAYS_SEARCH_USER_PATHS = NO;
				CLANG_CXX_LANGUAGE_STANDARD = "gnu++0x";
				CLANG_CXX_LIBRARY = "libc++";
				CLANG_ENABLE_MODULES = YES;
				CLANG_ENABLE_OBJC_ARC = YES;
				CLANG_WARN_BOOL_CONVERSION = YES;
				CLANG_WARN_CONSTANT_CONVERSION = YES;
				CLANG_WARN_DIRECT_OBJC_ISA_USAGE = YES_ERROR;
				CLANG_WARN_EMPTY_BODY = YES;
				CLANG_WARN_ENUM_CONVERSION = YES;
				CLANG_WARN_INT_CONVERSION = YES;
				CLANG_WARN_OBJC_ROOT_CLASS = YES_ERROR;
				CLANG_WARN_UNREACHABLE_CODE = YES;
				CLANG_WARN__DUPLICATE_METHOD_MATCH = YES;
				"CODE_SIGN_IDENTITY[sdk=iphoneos*]" = "iPhone Developer";
				COPY_PHASE_STRIP = NO;
				DEBUG_INFORMATION_FORMAT = "dwarf-with-dsym";
				ENABLE_NS_ASSERTIONS = NO;
				ENABLE_STRICT_OBJC_MSGSEND = YES;
				GCC_C_LANGUAGE_STANDARD = gnu99;
				GCC_NO_COMMON_BLOCKS = YES;
				GCC_WARN_64_TO_32_BIT_CONVERSION = YES;
				GCC_WARN_ABOUT_RETURN_TYPE = YES_ERROR;
				GCC_WARN_UNDECLARED_SELECTOR = YES;
				GCC_WARN_UNINITIALIZED_AUTOS = YES_AGGRESSIVE;
				GCC_WARN_UNUSED_FUNCTION = YES;
				GCC_WARN_UNUSED_VARIABLE = YES;
				IPHONEOS_DEPLOYMENT_TARGET = 9.0;
				MTL_ENABLE_DEBUG_INFO = NO;
				SDKROOT = iphoneos;
				VALIDATE_PRODUCT = YES;
			};
			name = Release;
		};
		1FC168341B55A16C00AA6F43 /* Debug */ = {
			isa = XCBuildConfiguration;
			buildSettings = {
				CLANG_ENABLE_MODULES = YES;
				INFOPLIST_FILE = TurbolinksDemo/Info.plist;
				IPHONEOS_DEPLOYMENT_TARGET = 9.0;
				LD_RUNPATH_SEARCH_PATHS = "$(inherited) @executable_path/Frameworks";
				PRODUCT_BUNDLE_IDENTIFIER = "com.basecamp.$(PRODUCT_NAME:rfc1034identifier)";
				PRODUCT_NAME = "$(TARGET_NAME)";
				SWIFT_OPTIMIZATION_LEVEL = "-Onone";
			};
			name = Debug;
		};
		1FC168351B55A16C00AA6F43 /* Release */ = {
			isa = XCBuildConfiguration;
			buildSettings = {
				CLANG_ENABLE_MODULES = YES;
				INFOPLIST_FILE = TurbolinksDemo/Info.plist;
				IPHONEOS_DEPLOYMENT_TARGET = 9.0;
				LD_RUNPATH_SEARCH_PATHS = "$(inherited) @executable_path/Frameworks";
				PRODUCT_BUNDLE_IDENTIFIER = "com.basecamp.$(PRODUCT_NAME:rfc1034identifier)";
				PRODUCT_NAME = "$(TARGET_NAME)";
			};
			name = Release;
		};
		8442C5AC1C9F83D200FD8CC7 /* Debug */ = {
			isa = XCBuildConfiguration;
			buildSettings = {
				DEBUG_INFORMATION_FORMAT = dwarf;
				INFOPLIST_FILE = "UI Tests/Info.plist";
				IPHONEOS_DEPLOYMENT_TARGET = 9.2;
				LD_RUNPATH_SEARCH_PATHS = "$(inherited) @executable_path/Frameworks @loader_path/Frameworks";
				PRODUCT_BUNDLE_IDENTIFIER = "com.basecamp.UI-Tests";
				PRODUCT_NAME = "$(TARGET_NAME)";
				TEST_TARGET_NAME = TurbolinksDemo;
				USES_XCTRUNNER = YES;
			};
			name = Debug;
		};
		8442C5AD1C9F83D200FD8CC7 /* Release */ = {
			isa = XCBuildConfiguration;
			buildSettings = {
				INFOPLIST_FILE = "UI Tests/Info.plist";
				IPHONEOS_DEPLOYMENT_TARGET = 9.2;
				LD_RUNPATH_SEARCH_PATHS = "$(inherited) @executable_path/Frameworks @loader_path/Frameworks";
				PRODUCT_BUNDLE_IDENTIFIER = "com.basecamp.UI-Tests";
				PRODUCT_NAME = "$(TARGET_NAME)";
				TEST_TARGET_NAME = TurbolinksDemo;
				USES_XCTRUNNER = YES;
			};
			name = Release;
		};
/* End XCBuildConfiguration section */

/* Begin XCConfigurationList section */
		1FC1680F1B55A16C00AA6F43 /* Build configuration list for PBXProject "TurbolinksDemo" */ = {
			isa = XCConfigurationList;
			buildConfigurations = (
				1FC168311B55A16C00AA6F43 /* Debug */,
				1FC168321B55A16C00AA6F43 /* Release */,
			);
			defaultConfigurationIsVisible = 0;
			defaultConfigurationName = Release;
		};
		1FC168331B55A16C00AA6F43 /* Build configuration list for PBXNativeTarget "TurbolinksDemo" */ = {
			isa = XCConfigurationList;
			buildConfigurations = (
				1FC168341B55A16C00AA6F43 /* Debug */,
				1FC168351B55A16C00AA6F43 /* Release */,
			);
			defaultConfigurationIsVisible = 0;
			defaultConfigurationName = Release;
		};
		8442C5AF1C9F83D200FD8CC7 /* Build configuration list for PBXNativeTarget "UI Tests" */ = {
			isa = XCConfigurationList;
			buildConfigurations = (
				8442C5AC1C9F83D200FD8CC7 /* Debug */,
				8442C5AD1C9F83D200FD8CC7 /* Release */,
			);
			defaultConfigurationIsVisible = 0;
			defaultConfigurationName = Release;
		};
/* End XCConfigurationList section */
	};
	rootObject = 1FC1680C1B55A16C00AA6F43 /* Project object */;
}
